PODS:
  - Flutter (1.0.0)
  - flutter_beep (0.0.1):
    - Flutter
  - flutter_blue (0.0.1):
    - Flutter
    - flutter_blue/Protos (= 0.0.1)
  - flutter_blue/Protos (0.0.1):
    - Flutter
    - Protobuf (~> 3.11.4)
  - MTBBarcodeScanner (5.0.11)
  - Protobuf (3.11.4)
  - qr_code_scanner (0.2.0):
    - Flutter
    - MTBBarcodeScanner

DEPENDENCIES:
  - Flutter (from `Flutter`)
  - flutter_beep (from `.symlinks/plugins/flutter_beep/ios`)
  - flutter_blue (from `.symlinks/plugins/flutter_blue/ios`)
  - qr_code_scanner (from `.symlinks/plugins/qr_code_scanner/ios`)

SPEC REPOS:
  trunk:
    - MTBBarcodeScanner
    - Protobuf

EXTERNAL SOURCES:
  Flutter:
    :path: Flutter
  flutter_beep:
    :path: ".symlinks/plugins/flutter_beep/ios"
  flutter_blue:
    :path: ".symlinks/plugins/flutter_blue/ios"
  qr_code_scanner:
    :path: ".symlinks/plugins/qr_code_scanner/ios"

SPEC CHECKSUMS:
  Flutter: 434fef37c0980e73bb6479ef766c45957d4b510c
  flutter_beep: 54fb393b22dfa0f0e4573c81b1c74dd71c4e5af8
  flutter_blue: eeb381dc4727a0954dede73515f683865494b370
  MTBBarcodeScanner: f453b33c4b7dfe545d8c6484ed744d55671788cb
  Protobuf: 176220c526ad8bd09ab1fb40a978eac3fef665f7
  qr_code_scanner: bb67d64904c3b9658ada8c402e8b4d406d5d796e

PODFILE CHECKSUM: aafe91acc616949ddb318b77800a7f51bffa2a4c

COCOAPODS: 1.10.1
